PODS:
  - Capacitor (2.4.7):
    - CapacitorCordova
  - CapacitorCordova (2.4.7)
  - PassiveFaceLiveness (3.3.2):
    - Sentry (= 5.2.0)
  - Sentry (5.2.0):
    - Sentry/Core (= 5.2.0)
  - Sentry/Core (5.2.0)

DEPENDENCIES:
  - "Capacitor (from `../node_modules/@capacitor/ios`)"
  - "CapacitorCordova (from `../node_modules/@capacitor/ios`)"
  - PassiveFaceLiveness (~> 3.3.2)

SPEC REPOS:
  https://github.com/combateafraude/iOS.git:
    - PassiveFaceLiveness
  trunk:
    - Sentry

EXTERNAL SOURCES:
  Capacitor:
    :path: "../node_modules/@capacitor/ios"
  CapacitorCordova:
    :path: "../node_modules/@capacitor/ios"

SPEC CHECKSUMS:
  Capacitor: 4cd7b342d5a15b1f6f333d687358953afd7b2d8b
  CapacitorCordova: 2c9d6e28d9d86c4da087fa2c3537c1841954bb12
  PassiveFaceLiveness: e96afa087d34fb10441be65008d0b4d8277bf869
  Sentry: 6e04bc3e11bf771ca79140a112de64dcfbc7d8cb

PODFILE CHECKSUM: f6f74be82d4c0601153993bde32a15242f9ecff5

COCOAPODS: 1.10.1
